
Microsoft Visual Studio Solution File, Format Version 12.00
# Visual Studio Version 16
VisualStudioVersion = 16.0.29306.81
MinimumVisualStudioVersion = 10.0.40219.1
Project("{FAE04EC0-301F-11D3-BF4B-00C04F79EFBC}") = "Sudoku", "WpfApp5\Sudoku.csproj", "{3629CB34-0CD4-4379-8C6F-2E374024C7C2}"
EndProject
Global
	GlobalSection(SolutionConfigurationPlatforms) = preSolution
		Debug|Any CPU = Debug|Any CPU
		Release|Any CPU = Release|Any CPU
	EndGlobalSection
	GlobalSection(ProjectConfigurationPlatforms) = postSolution
		{3629CB34-0CD4-4379-8C6F-2E374024C7C2}.Debug|Any CPU.ActiveCfg = Debug|Any CPU
		{3629CB34-0CD4-4379-8C6F-2E374024C7C2}.Debug|Any CPU.Build.0 = Debug|Any CPU
		{3629CB34-0CD4-4379-8C6F-2E374024C7C2}.Release|Any CPU.ActiveCfg = Release|Any CPU
		{3629CB34-0CD4-4379-8C6F-2E374024C7C2}.Release|Any CPU.Build.0 = Release|Any CPU
	EndGlobalSection
	GlobalSection(SolutionProperties) = preSolution
		HideSolutionNode = FALSE
	EndGlobalSection
	GlobalSection(ExtensibilityGlobals) = postSolution
		SolutionGuid = {26A0AA68-3EB5-42F5-984F-0EC3F229FD72}
	EndGlobalSection
EndGlobal
